// !$*UTF8*$!
{
	archiveVersion = 1;
	classes = {
	};
	objectVersion = 52;
	objects = {

/* Begin PBXBuildFile section */
		9F1455E2266982FA00C65F26 /* Weather.swift in Sources */ = {isa = PBXBuildFile; fileRef = 9F1455E1266982FA00C65F26 /* Weather.swift */; };
		9F9346942668154E005D9B13 /* AppDelegate.swift in Sources */ = {isa = PBXBuildFile; fileRef = 9F9346932668154E005D9B13 /* AppDelegate.swift */; };
		9F9346962668154E005D9B13 /* SceneDelegate.swift in Sources */ = {isa = PBXBuildFile; fileRef = 9F9346952668154E005D9B13 /* SceneDelegate.swift */; };
		9F9346982668154E005D9B13 /* ViewController.swift in Sources */ = {isa = PBXBuildFile; fileRef = 9F9346972668154E005D9B13 /* ViewController.swift */; };
		9F93469B2668154E005D9B13 /* Main.storyboard in Resources */ = {isa = PBXBuildFile; fileRef = 9F9346992668154E005D9B13 /* Main.storyboard */; };
		9F93469D2668154F005D9B13 /* Assets.xcassets in Resources */ = {isa = PBXBuildFile; fileRef = 9F93469C2668154F005D9B13 /* Assets.xcassets */; };
		9F9346A02668154F005D9B13 /* LaunchScreen.storyboard in Resources */ = {isa = PBXBuildFile; fileRef = 9F93469E2668154F005D9B13 /* LaunchScreen.storyboard */; };
		9F9346AB2668154F005D9B13 /* Z4CastTests.swift in Sources */ = {isa = PBXBuildFile; fileRef = 9F9346AA2668154F005D9B13 /* Z4CastTests.swift */; };
		9F9346B62668154F005D9B13 /* Z4CastUITests.swift in Sources */ = {isa = PBXBuildFile; fileRef = 9F9346B52668154F005D9B13 /* Z4CastUITests.swift */; };
		9FB01EAC266BFF280000EEE4 /* UnitSetting.swift in Sources */ = {isa = PBXBuildFile; fileRef = 9FB01EAB266BFF280000EEE4 /* UnitSetting.swift */; };
/* End PBXBuildFile section */

/* Begin PBXContainerItemProxy section */
		9F9346A72668154F005D9B13 /* PBXContainerItemProxy */ = {
			isa = PBXContainerItemProxy;
			containerPortal = 9F9346882668154E005D9B13 /* Project object */;
			proxyType = 1;
			remoteGlobalIDString = 9F93468F2668154E005D9B13;
			remoteInfo = Z4Cast;
		};
		9F9346B22668154F005D9B13 /* PBXContainerItemProxy */ = {
			isa = PBXContainerItemProxy;
			containerPortal = 9F9346882668154E005D9B13 /* Project object */;
			proxyType = 1;
			remoteGlobalIDString = 9F93468F2668154E005D9B13;
			remoteInfo = Z4Cast;
		};
/* End PBXContainerItemProxy section */

/* Begin PBXFileReference section */
		9F1455E1266982FA00C65F26 /* Weather.swift */ = {isa = PBXFileReference; lastKnownFileType = sourcecode.swift; path = Weather.swift; sourceTree = "<group>"; };
		9F9346902668154E005D9B13 /* Z4Cast.app */ = {isa = PBXFileReference; explicitFileType = wrapper.application; includeInIndex = 0; path = Z4Cast.app; sourceTree = BUILT_PRODUCTS_DIR; };
		9F9346932668154E005D9B13 /* AppDelegate.swift */ = {isa = PBXFileReference; lastKnownFileType = sourcecode.swift; path = AppDelegate.swift; sourceTree = "<group>"; };
		9F9346952668154E005D9B13 /* SceneDelegate.swift */ = {isa = PBXFileReference; lastKnownFileType = sourcecode.swift; path = SceneDelegate.swift; sourceTree = "<group>"; };
		9F9346972668154E005D9B13 /* ViewController.swift */ = {isa = PBXFileReference; lastKnownFileType = sourcecode.swift; path = ViewController.swift; sourceTree = "<group>"; };
		9F93469A2668154E005D9B13 /* Base */ = {isa = PBXFileReference; lastKnownFileType = file.storyboard; name = Base; path = Base.lproj/Main.storyboard; sourceTree = "<group>"; };
		9F93469C2668154F005D9B13 /* Assets.xcassets */ = {isa = PBXFileReference; lastKnownFileType = folder.assetcatalog; path = Assets.xcassets; sourceTree = "<group>"; };
		9F93469F2668154F005D9B13 /* Base */ = {isa = PBXFileReference; lastKnownFileType = file.storyboard; name = Base; path = Base.lproj/LaunchScreen.storyboard; sourceTree = "<group>"; };
		9F9346A12668154F005D9B13 /* Info.plist */ = {isa = PBXFileReference; lastKnownFileType = text.plist.xml; path = Info.plist; sourceTree = "<group>"; };
		9F9346A62668154F005D9B13 /* Z4CastTests.xctest */ = {isa = PBXFileReference; explicitFileType = wrapper.cfbundle; includeInIndex = 0; path = Z4CastTests.xctest; sourceTree = BUILT_PRODUCTS_DIR; };
		9F9346AA2668154F005D9B13 /* Z4CastTests.swift */ = {isa = PBXFileReference; lastKnownFileType = sourcecode.swift; path = Z4CastTests.swift; sourceTree = "<group>"; };
		9F9346AC2668154F005D9B13 /* Info.plist */ = {isa = PBXFileReference; lastKnownFileType = text.plist.xml; path = Info.plist; sourceTree = "<group>"; };
		9F9346B12668154F005D9B13 /* Z4CastUITests.xctest */ = {isa = PBXFileReference; explicitFileType = wrapper.cfbundle; includeInIndex = 0; path = Z4CastUITests.xctest; sourceTree = BUILT_PRODUCTS_DIR; };
		9F9346B52668154F005D9B13 /* Z4CastUITests.swift */ = {isa = PBXFileReference; lastKnownFileType = sourcecode.swift; path = Z4CastUITests.swift; sourceTree = "<group>"; };
		9F9346B72668154F005D9B13 /* Info.plist */ = {isa = PBXFileReference; lastKnownFileType = text.plist.xml; path = Info.plist; sourceTree = "<group>"; };
		9FB01EAB266BFF280000EEE4 /* UnitSetting.swift */ = {isa = PBXFileReference; lastKnownFileType = sourcecode.swift; path = UnitSetting.swift; sourceTree = "<group>"; };
/* End PBXFileReference section */

/* Begin PBXFrameworksBuildPhase section */
		9F93468D2668154E005D9B13 /* Frameworks */ = {
			isa = PBXFrameworksBuildPhase;
			buildActionMask = 2147483647;
			files = (
			);
			runOnlyForDeploymentPostprocessing = 0;
		};
		9F9346A32668154F005D9B13 /* Frameworks */ = {
			isa = PBXFrameworksBuildPhase;
			buildActionMask = 2147483647;
			files = (
			);
			runOnlyForDeploymentPostprocessing = 0;
		};
		9F9346AE2668154F005D9B13 /* Frameworks */ = {
			isa = PBXFrameworksBuildPhase;
			buildActionMask = 2147483647;
			files = (
			);
			runOnlyForDeploymentPostprocessing = 0;
		};
/* End PBXFrameworksBuildPhase section */

/* Begin PBXGroup section */
		9F9346872668154E005D9B13 = {
			isa = PBXGroup;
			children = (
				9F9346922668154E005D9B13 /* Z4Cast */,
				9F9346A92668154F005D9B13 /* Z4CastTests */,
				9F9346B42668154F005D9B13 /* Z4CastUITests */,
				9F9346912668154E005D9B13 /* Products */,
			);
			sourceTree = "<group>";
		};
		9F9346912668154E005D9B13 /* Products */ = {
			isa = PBXGroup;
			children = (
				9F9346902668154E005D9B13 /* Z4Cast.app */,
				9F9346A62668154F005D9B13 /* Z4CastTests.xctest */,
				9F9346B12668154F005D9B13 /* Z4CastUITests.xctest */,
			);
			name = Products;
			sourceTree = "<group>";
		};
		9F9346922668154E005D9B13 /* Z4Cast */ = {
			isa = PBXGroup;
			children = (
				9F9346932668154E005D9B13 /* AppDelegate.swift */,
				9F9346952668154E005D9B13 /* SceneDelegate.swift */,
				9F9346972668154E005D9B13 /* ViewController.swift */,
				9F9346992668154E005D9B13 /* Main.storyboard */,
				9F93469C2668154F005D9B13 /* Assets.xcassets */,
				9F93469E2668154F005D9B13 /* LaunchScreen.storyboard */,
				9F9346A12668154F005D9B13 /* Info.plist */,
				9F1455E1266982FA00C65F26 /* Weather.swift */,
				9FB01EAB266BFF280000EEE4 /* UnitSetting.swift */,
			);
			path = Z4Cast;
			sourceTree = "<group>";
		};
		9F9346A92668154F005D9B13 /* Z4CastTests */ = {
			isa = PBXGroup;
			children = (
				9F9346AA2668154F005D9B13 /* Z4CastTests.swift */,
				9F9346AC2668154F005D9B13 /* Info.plist */,
			);
			path = Z4CastTests;
			sourceTree = "<group>";
		};
		9F9346B42668154F005D9B13 /* Z4CastUITests */ = {
			isa = PBXGroup;
			children = (
				9F9346B52668154F005D9B13 /* Z4CastUITests.swift */,
				9F9346B72668154F005D9B13 /* Info.plist */,
			);
			path = Z4CastUITests;
			sourceTree = "<group>";
		};
/* End PBXGroup section */

/* Begin PBXNativeTarget section */
		9F93468F2668154E005D9B13 /* Z4Cast */ = {
			isa = PBXNativeTarget;
			buildConfigurationList = 9F9346BA2668154F005D9B13 /* Build configuration list for PBXNativeTarget "Z4Cast" */;
			buildPhases = (
				9F93468C2668154E005D9B13 /* Sources */,
				9F93468D2668154E005D9B13 /* Frameworks */,
				9F93468E2668154E005D9B13 /* Resources */,
			);
			buildRules = (
			);
			dependencies = (
			);
			name = Z4Cast;
			productName = Z4Cast;
			productReference = 9F9346902668154E005D9B13 /* Z4Cast.app */;
			productType = "com.apple.product-type.application";
		};
		9F9346A52668154F005D9B13 /* Z4CastTests */ = {
			isa = PBXNativeTarget;
			buildConfigurationList = 9F9346BD2668154F005D9B13 /* Build configuration list for PBXNativeTarget "Z4CastTests" */;
			buildPhases = (
				9F9346A22668154F005D9B13 /* Sources */,
				9F9346A32668154F005D9B13 /* Frameworks */,
				9F9346A42668154F005D9B13 /* Resources */,
			);
			buildRules = (
			);
			dependencies = (
				9F9346A82668154F005D9B13 /* PBXTargetDependency */,
			);
			name = Z4CastTests;
			productName = Z4CastTests;
			productReference = 9F9346A62668154F005D9B13 /* Z4CastTests.xctest */;
			productType = "com.apple.product-type.bundle.unit-test";
		};
		9F9346B02668154F005D9B13 /* Z4CastUITests */ = {
			isa = PBXNativeTarget;
			buildConfigurationList = 9F9346C02668154F005D9B13 /* Build configuration list for PBXNativeTarget "Z4CastUITests" */;
			buildPhases = (
				9F9346AD2668154F005D9B13 /* Sources */,
				9F9346AE2668154F005D9B13 /* Frameworks */,
				9F9346AF2668154F005D9B13 /* Resources */,
			);
			buildRules = (
			);
			dependencies = (
				9F9346B32668154F005D9B13 /* PBXTargetDependency */,
			);
			name = Z4CastUITests;
			productName = Z4CastUITests;
			productReference = 9F9346B12668154F005D9B13 /* Z4CastUITests.xctest */;
			productType = "com.apple.product-type.bundle.ui-testing";
		};
/* End PBXNativeTarget section */

/* Begin PBXProject section */
		9F9346882668154E005D9B13 /* Project object */ = {
			isa = PBXProject;
			attributes = {
				LastSwiftUpdateCheck = 1130;
				LastUpgradeCheck = 1130;
				ORGANIZATIONNAME = "Yutopia Productions";
				TargetAttributes = {
					9F93468F2668154E005D9B13 = {
						CreatedOnToolsVersion = 11.3.1;
					};
					9F9346A52668154F005D9B13 = {
						CreatedOnToolsVersion = 11.3.1;
						TestTargetID = 9F93468F2668154E005D9B13;
					};
					9F9346B02668154F005D9B13 = {
						CreatedOnToolsVersion = 11.3.1;
						TestTargetID = 9F93468F2668154E005D9B13;
					};
				};
			};
			buildConfigurationList = 9F93468B2668154E005D9B13 /* Build configuration list for PBXProject "Z4Cast" */;
			compatibilityVersion = "Xcode 11.0";
			developmentRegion = en;
			hasScannedForEncodings = 0;
			knownRegions = (
				en,
				Base,
			);
			mainGroup = 9F9346872668154E005D9B13;
			productRefGroup = 9F9346912668154E005D9B13 /* Products */;
			projectDirPath = "";
			projectRoot = "";
			targets = (
				9F93468F2668154E005D9B13 /* Z4Cast */,
				9F9346A52668154F005D9B13 /* Z4CastTests */,
				9F9346B02668154F005D9B13 /* Z4CastUITests */,
			);
		};
/* End PBXProject section */

/* Begin PBXResourcesBuildPhase section */
		9F93468E2668154E005D9B13 /* Resources */ = {
			isa = PBXResourcesBuildPhase;
			buildActionMask = 2147483647;
			files = (
				9F9346A02668154F005D9B13 /* LaunchScreen.storyboard in Resources */,
				9F93469D2668154F005D9B13 /* Assets.xcassets in Resources */,
				9F93469B2668154E005D9B13 /* Main.storyboard in Resources */,
			);
			runOnlyForDeploymentPostprocessing = 0;
		};
		9F9346A42668154F005D9B13 /* Resources */ = {
			isa = PBXResourcesBuildPhase;
			buildActionMask = 2147483647;
			files = (
			);
			runOnlyForDeploymentPostprocessing = 0;
		};
		9F9346AF2668154F005D9B13 /* Resources */ = {
			isa = PBXResourcesBuildPhase;
			buildActionMask = 2147483647;
			files = (
			);
			runOnlyForDeploymentPostprocessing = 0;
		};
/* End PBXResourcesBuildPhase section */

/* Begin PBXSourcesBuildPhase section */
		9F93468C2668154E005D9B13 /* Sources */ = {
			isa = PBXSourcesBuildPhase;
			buildActionMask = 2147483647;
			files = (
				9F1455E2266982FA00C65F26 /* Weather.swift in Sources */,
				9F9346982668154E005D9B13 /* ViewController.swift in Sources */,
				9F9346942668154E005D9B13 /* AppDelegate.swift in Sources */,
				9FB01EAC266BFF280000EEE4 /* UnitSetting.swift in Sources */,
				9F9346962668154E005D9B13 /* SceneDelegate.swift in Sources */,
			);
			runOnlyForDeploymentPostprocessing = 0;
		};
		9F9346A22668154F005D9B13 /* Sources */ = {
			isa = PBXSourcesBuildPhase;
			buildActionMask = 2147483647;
			files = (
				9F9346AB2668154F005D9B13 /* Z4CastTests.swift in Sources */,
			);
			runOnlyForDeploymentPostprocessing = 0;
		};
		9F9346AD2668154F005D9B13 /* Sources */ = {
			isa = PBXSourcesBuildPhase;
			buildActionMask = 2147483647;
			files = (
				9F9346B62668154F005D9B13 /* Z4CastUITests.swift in Sources */,
			);
			runOnlyForDeploymentPostprocessing = 0;
		};
/* End PBXSourcesBuildPhase section */

/* Begin PBXTargetDependency section */
		9F9346A82668154F005D9B13 /* PBXTargetDependency */ = {
			isa = PBXTargetDependency;
			target = 9F93468F2668154E005D9B13 /* Z4Cast */;
			targetProxy = 9F9346A72668154F005D9B13 /* PBXContainerItemProxy */;
		};
		9F9346B32668154F005D9B13 /* PBXTargetDependency */ = {
			isa = PBXTargetDependency;
			target = 9F93468F2668154E005D9B13 /* Z4Cast */;
			targetProxy = 9F9346B22668154F005D9B13 /* PBXContainerItemProxy */;
		};
/* End PBXTargetDependency section */

/* Begin PBXVariantGroup section */
		9F9346992668154E005D9B13 /* Main.storyboard */ = {
			isa = PBXVariantGroup;
			children = (
				9F93469A2668154E005D9B13 /* Base */,
			);
			name = Main.storyboard;
			sourceTree = "<group>";
		};
		9F93469E2668154F005D9B13 /* LaunchScreen.storyboard */ = {
			isa = PBXVariantGroup;
			children = (
				9F93469F2668154F005D9B13 /* Base */,
			);
			name = LaunchScreen.storyboard;
			sourceTree = "<group>";
		};
/* End PBXVariantGroup section */

/* Begin XCBuildConfiguration section */
		9F9346B82668154F005D9B13 /* Debug */ = {
			isa = XCBuildConfiguration;
			buildSettings = {
				ALWAYS_SEARCH_USER_PATHS = NO;
				CLANG_ANALYZER_NONNULL = YES;
				CLANG_ANALYZER_NUMBER_OBJECT_CONVERSION = YES_AGGRESSIVE;
				CLANG_CXX_LANGUAGE_STANDARD = "gnu++14";
				CLANG_CXX_LIBRARY = "libc++";
				CLANG_ENABLE_MODULES = YES;
				CLANG_ENABLE_OBJC_ARC = YES;
				CLANG_ENABLE_OBJC_WEAK = YES;
				CLANG_WARN_BLOCK_CAPTURE_AUTORELEASING = YES;
				CLANG_WARN_BOOL_CONVERSION = YES;
				CLANG_WARN_COMMA = YES;
				CLANG_WARN_CONSTANT_CONVERSION = YES;
				CLANG_WARN_DEPRECATED_OBJC_IMPLEMENTATIONS = YES;
				CLANG_WARN_DIRECT_OBJC_ISA_USAGE = YES_ERROR;
				CLANG_WARN_DOCUMENTATION_COMMENTS = YES;
				CLANG_WARN_EMPTY_BODY = YES;
				CLANG_WARN_ENUM_CONVERSION = YES;
				CLANG_WARN_INFINITE_RECURSION = YES;
				CLANG_WARN_INT_CONVERSION = YES;
				CLANG_WARN_NON_LITERAL_NULL_CONVERSION = YES;
				CLANG_WARN_OBJC_IMPLICIT_RETAIN_SELF = YES;
				CLANG_WARN_OBJC_LITERAL_CONVERSION = YES;
				CLANG_WARN_OBJC_ROOT_CLASS = YES_ERROR;
				CLANG_WARN_RANGE_LOOP_ANALYSIS = YES;
				CLANG_WARN_STRICT_PROTOTYPES = YES;
				CLANG_WARN_SUSPICIOUS_MOVE = YES;
				CLANG_WARN_UNGUARDED_AVAILABILITY = YES_AGGRESSIVE;
				CLANG_WARN_UNREACHABLE_CODE = YES;
				CLANG_WARN__DUPLICATE_METHOD_MATCH = YES;
				COPY_PHASE_STRIP = NO;
				DEBUG_INFORMATION_FORMAT = dwarf;
				ENABLE_STRICT_OBJC_MSGSEND = YES;
				ENABLE_TESTABILITY = YES;
				GCC_C_LANGUAGE_STANDARD = gnu11;
				GCC_DYNAMIC_NO_PIC = NO;
				GCC_NO_COMMON_BLOCKS = YES;
				GCC_OPTIMIZATION_LEVEL = 0;
				GCC_PREPROCESSOR_DEFINITIONS = (
					"DEBUG=1",
					"$(inherited)",
				);
				GCC_WARN_64_TO_32_BIT_CONVERSION = YES;
				GCC_WARN_ABOUT_RETURN_TYPE = YES_ERROR;
				GCC_WARN_UNDECLARED_SELECTOR = YES;
				GCC_WARN_UNINITIALIZED_AUTOS = YES_AGGRESSIVE;
				GCC_WARN_UNUSED_FUNCTION = YES;
				GCC_WARN_UNUSED_VARIABLE = YES;
				IPHONEOS_DEPLOYMENT_TARGET = 13.2;
				MTL_ENABLE_DEBUG_INFO = INCLUDE_SOURCE;
				MTL_FAST_MATH = YES;
				ONLY_ACTIVE_ARCH = YES;
				SDKROOT = iphoneos;
				SWIFT_ACTIVE_COMPILATION_CONDITIONS = DEBUG;
				SWIFT_OPTIMIZATION_LEVEL = "-Onone";
			};
			name = Debug;
		};
		9F9346B92668154F005D9B13 /* Release */ = {
			isa = XCBuildConfiguration;
			buildSettings = {
				ALWAYS_SEARCH_USER_PATHS = NO;
				CLANG_ANALYZER_NONNULL = YES;
				CLANG_ANALYZER_NUMBER_OBJECT_CONVERSION = YES_AGGRESSIVE;
				CLANG_CXX_LANGUAGE_STANDARD = "gnu++14";
				CLANG_CXX_LIBRARY = "libc++";
				CLANG_ENABLE_MODULES = YES;
				CLANG_ENABLE_OBJC_ARC = YES;
				CLANG_ENABLE_OBJC_WEAK = YES;
				CLANG_WARN_BLOCK_CAPTURE_AUTORELEASING = YES;
				CLANG_WARN_BOOL_CONVERSION = YES;
				CLANG_WARN_COMMA = YES;
				CLANG_WARN_CONSTANT_CONVERSION = YES;
				CLANG_WARN_DEPRECATED_OBJC_IMPLEMENTATIONS = YES;
				CLANG_WARN_DIRECT_OBJC_ISA_USAGE = YES_ERROR;
				CLANG_WARN_DOCUMENTATION_COMMENTS = YES;
				CLANG_WARN_EMPTY_BODY = YES;
				CLANG_WARN_ENUM_CONVERSION = YES;
				CLANG_WARN_INFINITE_RECURSION = YES;
				CLANG_WARN_INT_CONVERSION = YES;
				CLANG_WARN_NON_LITERAL_NULL_CONVERSION = YES;
				CLANG_WARN_OBJC_IMPLICIT_RETAIN_SELF = YES;
				CLANG_WARN_OBJC_LITERAL_CONVERSION = YES;
				CLANG_WARN_OBJC_ROOT_CLASS = YES_ERROR;
				CLANG_WARN_RANGE_LOOP_ANALYSIS = YES;
				CLANG_WARN_STRICT_PROTOTYPES = YES;
				CLANG_WARN_SUSPICIOUS_MOVE = YES;
				CLANG_WARN_UNGUARDED_AVAILABILITY = YES_AGGRESSIVE;
				CLANG_WARN_UNREACHABLE_CODE = YES;
				CLANG_WARN__DUPLICATE_METHOD_MATCH = YES;
				COPY_PHASE_STRIP = NO;
				DEBUG_INFORMATION_FORMAT = "dwarf-with-dsym";
				ENABLE_NS_ASSERTIONS = NO;
				ENABLE_STRICT_OBJC_MSGSEND = YES;
				GCC_C_LANGUAGE_STANDARD = gnu11;
				GCC_NO_COMMON_BLOCKS = YES;
				GCC_WARN_64_TO_32_BIT_CONVERSION = YES;
				GCC_WARN_ABOUT_RETURN_TYPE = YES_ERROR;
				GCC_WARN_UNDECLARED_SELECTOR = YES;
				GCC_WARN_UNINITIALIZED_AUTOS = YES_AGGRESSIVE;
				GCC_WARN_UNUSED_FUNCTION = YES;
				GCC_WARN_UNUSED_VARIABLE = YES;
				IPHONEOS_DEPLOYMENT_TARGET = 13.2;
				MTL_ENABLE_DEBUG_INFO = NO;
				MTL_FAST_MATH = YES;
				SDKROOT = iphoneos;
				SWIFT_COMPILATION_MODE = wholemodule;
				SWIFT_OPTIMIZATION_LEVEL = "-O";
				VALIDATE_PRODUCT = YES;
			};
			name = Release;
		};
		9F9346BB2668154F005D9B13 /* Debug */ = {
			isa = XCBuildConfiguration;
			buildSettings = {
				ASSETCATALOG_COMPILER_APPICON_NAME = AppIcon;
				CODE_SIGN_IDENTITY = "Apple Development";
				CODE_SIGN_STYLE = Automatic;
				DEVELOPMENT_TEAM = 6BVXD257FL;
				INFOPLIST_FILE = Z4Cast/Info.plist;
				LD_RUNPATH_SEARCH_PATHS = (
					"$(inherited)",
					"@executable_path/Frameworks",
				);
				PRODUCT_BUNDLE_IDENTIFIER = com.Yutopia.Z4Cast;
				PRODUCT_NAME = "$(TARGET_NAME)";
				PROVISIONING_PROFILE_SPECIFIER = "";
				SWIFT_VERSION = 5.0;
				TARGETED_DEVICE_FAMILY = "1,2";
			};
			name = Debug;
		};
		9F9346BC2668154F005D9B13 /* Release */ = {
			isa = XCBuildConfiguration;
			buildSettings = {
				ASSETCATALOG_COMPILER_APPICON_NAME = AppIcon;
				CODE_SIGN_IDENTITY = "Apple Development";
				CODE_SIGN_STYLE = Automatic;
				DEVELOPMENT_TEAM = 6BVXD257FL;
				INFOPLIST_FILE = Z4Cast/Info.plist;
				LD_RUNPATH_SEARCH_PATHS = (
					"$(inherited)",
					"@executable_path/Frameworks",
				);
				PRODUCT_BUNDLE_IDENTIFIER = com.Yutopia.Z4Cast;
				PRODUCT_NAME = "$(TARGET_NAME)";
				PROVISIONING_PROFILE_SPECIFIER = "";
				SWIFT_VERSION = 5.0;
				TARGETED_DEVICE_FAMILY = "1,2";
			};
			name = Release;
		};
		9F9346BE2668154F005D9B13 /* Debug */ = {
			isa = XCBuildConfiguration;
			buildSettings = {
				ALWAYS_EMBED_SWIFT_STANDARD_LIBRARIES = YES;
				BUNDLE_LOADER = "$(TEST_HOST)";
				CODE_SIGN_STYLE = Automatic;
				DEVELOPMENT_TEAM = 6BVXD257FL;
				INFOPLIST_FILE = Z4CastTests/Info.plist;
				IPHONEOS_DEPLOYMENT_TARGET = 13.2;
				LD_RUNPATH_SEARCH_PATHS = (
					"$(inherited)",
					"@executable_path/Frameworks",
					"@loader_path/Frameworks",
				);
				PRODUCT_BUNDLE_IDENTIFIER = com.Yutopia.Z4CastTests;
				PRODUCT_NAME = "$(TARGET_NAME)";
				SWIFT_VERSION = 5.0;
				TARGETED_DEVICE_FAMILY = "1,2";
				TEST_HOST = "$(BUILT_PRODUCTS_DIR)/Z4Cast.app/Z4Cast";
			};
			name = Debug;
		};
		9F9346BF2668154F005D9B13 /* Release */ = {
			isa = XCBuildConfiguration;
			buildSettings = {
				ALWAYS_EMBED_SWIFT_STANDARD_LIBRARIES = YES;
				BUNDLE_LOADER = "$(TEST_HOST)";
				CODE_SIGN_STYLE = Automatic;
				DEVELOPMENT_TEAM = 6BVXD257FL;
				INFOPLIST_FILE = Z4CastTests/Info.plist;
				IPHONEOS_DEPLOYMENT_TARGET = 13.2;
				LD_RUNPATH_SEARCH_PATHS = (
					"$(inherited)",
					"@executable_path/Frameworks",
					"@loader_path/Frameworks",
				);
				PRODUCT_BUNDLE_IDENTIFIER = com.Yutopia.Z4CastTests;
				PRODUCT_NAME = "$(TARGET_NAME)";
				SWIFT_VERSION = 5.0;
				TARGETED_DEVICE_FAMILY = "1,2";
				TEST_HOST = "$(BUILT_PRODUCTS_DIR)/Z4Cast.app/Z4Cast";
			};
			name = Release;
		};
		9F9346C12668154F005D9B13 /* Debug */ = {
			isa = XCBuildConfiguration;
			buildSettings = {
				ALWAYS_EMBED_SWIFT_STANDARD_LIBRARIES = YES;
				CODE_SIGN_STYLE = Automatic;
				DEVELOPMENT_TEAM = 6BVXD257FL;
				INFOPLIST_FILE = Z4CastUITests/Info.plist;
				LD_RUNPATH_SEARCH_PATHS = (
					"$(inherited)",
					"@executable_path/Frameworks",
					"@loader_path/Frameworks",
				);
				PRODUCT_BUNDLE_IDENTIFIER = com.Yutopia.Z4CastUITests;
				PRODUCT_NAME = "$(TARGET_NAME)";
				SWIFT_VERSION = 5.0;
				TARGETED_DEVICE_FAMILY = "1,2";
				TEST_TARGET_NAME = Z4Cast;
			};
			name = Debug;
		};
		9F9346C22668154F005D9B13 /* Release */ = {
			isa = XCBuildConfiguration;
			buildSettings = {
				ALWAYS_EMBED_SWIFT_STANDARD_LIBRARIES = YES;
				CODE_SIGN_STYLE = Automatic;
				DEVELOPMENT_TEAM = 6BVXD257FL;
				INFOPLIST_FILE = Z4CastUITests/Info.plist;
				LD_RUNPATH_SEARCH_PATHS = (
					"$(inherited)",
					"@executable_path/Frameworks",
					"@loader_path/Frameworks",
				);
				PRODUCT_BUNDLE_IDENTIFIER = com.Yutopia.Z4CastUITests;
				PRODUCT_NAME = "$(TARGET_NAME)";
				SWIFT_VERSION = 5.0;
				TARGETED_DEVICE_FAMILY = "1,2";
				TEST_TARGET_NAME = Z4Cast;
			};
			name = Release;
		};
/* End XCBuildConfiguration section */

/* Begin XCConfigurationList section */
		9F93468B2668154E005D9B13 /* Build configuration list for PBXProject "Z4Cast" */ = {
			isa = XCConfigurationList;
			buildConfigurations = (
				9F9346B82668154F005D9B13 /* Debug */,
				9F9346B92668154F005D9B13 /* Release */,
			);
			defaultConfigurationIsVisible = 0;
			defaultConfigurationName = Release;
		};
		9F9346BA2668154F005D9B13 /* Build configuration list for PBXNativeTarget "Z4Cast" */ = {
			isa = XCConfigurationList;
			buildConfigurations = (
				9F9346BB2668154F005D9B13 /* Debug */,
				9F9346BC2668154F005D9B13 /* Release */,
			);
			defaultConfigurationIsVisible = 0;
			defaultConfigurationName = Release;
		};
		9F9346BD2668154F005D9B13 /* Build configuration list for PBXNativeTarget "Z4CastTests" */ = {
			isa = XCConfigurationList;
			buildConfigurations = (
				9F9346BE2668154F005D9B13 /* Debug */,
				9F9346BF2668154F005D9B13 /* Release */,
			);
			defaultConfigurationIsVisible = 0;
			defaultConfigurationName = Release;
		};
		9F9346C02668154F005D9B13 /* Build configuration list for PBXNativeTarget "Z4CastUITests" */ = {
			isa = XCConfigurationList;
			buildConfigurations = (
				9F9346C12668154F005D9B13 /* Debug */,
				9F9346C22668154F005D9B13 /* Release */,
			);
			defaultConfigurationIsVisible = 0;
			defaultConfigurationName = Release;
		};
/* End XCConfigurationList section */
	};
	rootObject = 9F9346882668154E005D9B13 /* Project object */;
}
